
Microsoft Visual Studio Solution File, Format Version 12.00
# Visual Studio Version 17
VisualStudioVersion = 17.13.35919.96 d17.13
MinimumVisualStudioVersion = 10.0.40219.1
Project("{FAE04EC0-301F-11D3-BF4B-00C04F79EFBC}") = "BasicIf", "BasicIf\BasicIf.csproj", "{017CE3F4-F056-48EC-A107-FF46A9CEFB4D}"
EndProject
Global
	GlobalSection(SolutionConfigurationPlatforms) = preSolution
		Debug|Any CPU = Debug|Any CPU
		Release|Any CPU = Release|Any CPU
	EndGlobalSection
	GlobalSection(ProjectConfigurationPlatforms) = postSolution
		{017CE3F4-F056-48EC-A107-FF46A9CEFB4D}.Debug|Any CPU.ActiveCfg = Debug|Any CPU
		{017CE3F4-F056-48EC-A107-FF46A9CEFB4D}.Debug|Any CPU.Build.0 = Debug|Any CPU
		{017CE3F4-F056-48EC-A107-FF46A9CEFB4D}.Release|Any CPU.ActiveCfg = Release|Any CPU
		{017CE3F4-F056-48EC-A107-FF46A9CEFB4D}.Release|Any CPU.Build.0 = Release|Any CPU
	EndGlobalSection
	GlobalSection(SolutionProperties) = preSolution
		HideSolutionNode = FALSE
	EndGlobalSection
	GlobalSection(ExtensibilityGlobals) = postSolution
		SolutionGuid = {5E3FA534-DEBD-4C41-8B35-A51087B11E7E}
	EndGlobalSection
EndGlobal
